
Microsoft Visual Studio Solution File, Format Version 12.00
# Visual Studio 15
VisualStudioVersion = 15.0.27004.2009
MinimumVisualStudioVersion = 10.0.40219.1
Project("{FAE04EC0-301F-11D3-BF4B-00C04F79EFBC}") = "InSituVisualization", "InSituVisualization\InSituVisualization.csproj", "{EFA6A3EB-20CC-4834-A426-AF893887AED1}"
EndProject
Project("{FAE04EC0-301F-11D3-BF4B-00C04F79EFBC}") = "ProbeInjector", "ProbeInjector\ProbeInjector.csproj", "{2EC5E599-F430-4C61-A8C9-487AA5337DFD}"
EndProject
Project("{FAE04EC0-301F-11D3-BF4B-00C04F79EFBC}") = "AzureTelemetryProbe", "AzureTelemetryProbe\AzureTelemetryProbe.csproj", "{0F840844-D7C3-4671-BE00-9DCDC517962A}"
EndProject
Project("{FAE04EC0-301F-11D3-BF4B-00C04F79EFBC}") = "InjectionVictim", "InjectionVictim\InjectionVictim.csproj", "{DB649943-6DD3-4CA8-A455-BB9EF29A0068}"
EndProject
Project("{FAE04EC0-301F-11D3-BF4B-00C04F79EFBC}") = "UnitTests", "UnitTests\UnitTests.csproj", "{C2ACFAAA-68D1-4AEE-8E77-77DED9A7003A}"
EndProject
Global
	GlobalSection(SolutionConfigurationPlatforms) = preSolution
		Debug|Any CPU = Debug|Any CPU
		Release|Any CPU = Release|Any CPU
	EndGlobalSection
	GlobalSection(ProjectConfigurationPlatforms) = postSolution
		{EFA6A3EB-20CC-4834-A426-AF893887AED1}.Debug|Any CPU.ActiveCfg = Debug|Any CPU
		{EFA6A3EB-20CC-4834-A426-AF893887AED1}.Debug|Any CPU.Build.0 = Debug|Any CPU
		{EFA6A3EB-20CC-4834-A426-AF893887AED1}.Release|Any CPU.ActiveCfg = Release|Any CPU
		{EFA6A3EB-20CC-4834-A426-AF893887AED1}.Release|Any CPU.Build.0 = Release|Any CPU
		{2EC5E599-F430-4C61-A8C9-487AA5337DFD}.Debug|Any CPU.ActiveCfg = Debug|Any CPU
		{2EC5E599-F430-4C61-A8C9-487AA5337DFD}.Debug|Any CPU.Build.0 = Debug|Any CPU
		{2EC5E599-F430-4C61-A8C9-487AA5337DFD}.Release|Any CPU.ActiveCfg = Release|Any CPU
		{2EC5E599-F430-4C61-A8C9-487AA5337DFD}.Release|Any CPU.Build.0 = Release|Any CPU
		{0F840844-D7C3-4671-BE00-9DCDC517962A}.Debug|Any CPU.ActiveCfg = Debug|Any CPU
		{0F840844-D7C3-4671-BE00-9DCDC517962A}.Debug|Any CPU.Build.0 = Debug|Any CPU
		{0F840844-D7C3-4671-BE00-9DCDC517962A}.Release|Any CPU.ActiveCfg = Release|Any CPU
		{0F840844-D7C3-4671-BE00-9DCDC517962A}.Release|Any CPU.Build.0 = Release|Any CPU
		{DB649943-6DD3-4CA8-A455-BB9EF29A0068}.Debug|Any CPU.ActiveCfg = Debug|Any CPU
		{DB649943-6DD3-4CA8-A455-BB9EF29A0068}.Debug|Any CPU.Build.0 = Debug|Any CPU
		{DB649943-6DD3-4CA8-A455-BB9EF29A0068}.Release|Any CPU.ActiveCfg = Release|Any CPU
		{DB649943-6DD3-4CA8-A455-BB9EF29A0068}.Release|Any CPU.Build.0 = Release|Any CPU
		{C2ACFAAA-68D1-4AEE-8E77-77DED9A7003A}.Debug|Any CPU.ActiveCfg = Debug|Any CPU
		{C2ACFAAA-68D1-4AEE-8E77-77DED9A7003A}.Debug|Any CPU.Build.0 = Debug|Any CPU
		{C2ACFAAA-68D1-4AEE-8E77-77DED9A7003A}.Release|Any CPU.ActiveCfg = Release|Any CPU
		{C2ACFAAA-68D1-4AEE-8E77-77DED9A7003A}.Release|Any CPU.Build.0 = Release|Any CPU
	EndGlobalSection
	GlobalSection(SolutionProperties) = preSolution
		HideSolutionNode = FALSE
	EndGlobalSection
	GlobalSection(ExtensibilityGlobals) = postSolution
		SolutionGuid = {03F182BD-3959-4F7D-927F-EE36A6BCE8B9}
	EndGlobalSection
EndGlobal
